{
  "version": 2,
  "packages": {
    "cligen": {
      "version": "1.9.0",
      "vcsRevision": "b75a4a04bc74e28c692ce3d3152013aef0ff3eb6",
      "url": "https://github.com/c-blake/cligen.git",
      "downloadMethod": "git",
      "dependencies": [],
      "checksums": {
        "sha1": "b218a8e2e01121aa8087ef4080cf2e31d9f21409"
      }
    },
    "cookiejar": {
      "version": "0.3.1",
      "vcsRevision": "372b0ab1a6036a9f48f7540e7f3090e61796d947",
      "url": "https://github.com/planety/cookiejar",
      "downloadMethod": "git",
      "dependencies": [],
      "checksums": {
        "sha1": "45a76c1af68cec85683a509c4743bb90632ded9f"
      }
    },
    "wepoll": {
      "version": "0.1.2",
      "vcsRevision": "07fb549ecf656f9aab957b78fb0d1e2d2e47a76f",
      "url": "https://github.com/ringabout/wepoll",
      "downloadMethod": "git",
      "dependencies": [],
      "checksums": {
        "sha1": "7c9818403ac159af1b3eced3f5d286e1f9c477d5"
      }
    },
    "ioselectors": {
      "version": "0.2.0",
      "vcsRevision": "c9344036936a49db3ff1bce97e0896d6aabcf22d",
      "url": "https://github.com/ringabout/ioselectors",
      "downloadMethod": "git",
      "dependencies": [
        "wepoll"
      ],
      "checksums": {
        "sha1": "c6ab3f5cabc4a40f6cbeeb6701be0f3c6c23f6b1"
      }
    },
    "httpx": {
      "version": "0.3.8",
      "vcsRevision": "47cb5e79c6070153240f7395134885a114b0f039",
      "url": "https://github.com/ringabout/httpx",
      "downloadMethod": "git",
      "dependencies": [
        "ioselectors"
      ],
      "checksums": {
        "sha1": "31ef637d4136a2c7deebce51c02c27145692d4f5"
      }
    },
    "logue": {
      "version": "0.2.4",
      "vcsRevision": "fdad43b69bc4517a3595d1a28e86161e8cfca614",
      "url": "https://github.com/planety/logue",
      "downloadMethod": "git",
      "dependencies": [
        "cligen"
      ],
      "checksums": {
        "sha1": "05b38d9fadb06c1cd7b25d9e18e39d443b799093"
      }
    },
    "nimcrypto": {
      "version": "0.6.4",
      "vcsRevision": "721fb99ee099b632eb86dfad1f0d96ee87583774",
      "url": "https://github.com/cheatfate/nimcrypto",
      "downloadMethod": "git",
      "dependencies": [],
      "checksums": {
        "sha1": "f9ab24fa940ed03d0fb09729a7303feb50b7eaec"
      }
    },
    "unicodedb": {
      "version": "0.13.2",
      "vcsRevision": "66f2458710dc641dd4640368f9483c8a0ec70561",
      "url": "https://github.com/nitely/nim-unicodedb",
      "downloadMethod": "git",
      "dependencies": [],
      "checksums": {
        "sha1": "739102d885d99bb4571b1955f5f12aee423c935b"
      }
    },
    "regex": {
      "version": "0.26.3",
      "vcsRevision": "4593305ed1e49731fc75af1dc572dd2559aad19c",
      "url": "https://github.com/nitely/nim-regex",
      "downloadMethod": "git",
      "dependencies": [
        "unicodedb"
      ],
      "checksums": {
        "sha1": "4d24e7d7441137cd202e16f2359a5807ddbdc31f"
      }
    },
    "prologue": {
      "version": "0.6.6",
      "vcsRevision": "81c8c1d7c7f4947c28eeeac55648f6edd1be37f1",
      "url": "https://github.com/planety/Prologue",
      "downloadMethod": "git",
      "dependencies": [
        "regex",
        "nimcrypto",
        "cookiejar",
        "httpx",
        "logue"
      ],
      "checksums": {
        "sha1": "433777a19c0bf630753006f0646c5a6dbbfd4b74"
      }
    }
  },
  "tasks": {}
}
